
Microsoft Visual Studio Solution File, Format Version 11.00
# Visual Studio 2010
Project("{8BC9CEB8-8B4A-11D0-8D11-00A0C91BC942}") = "czAPIDemo", "czAPIDemo\czAPIDemo.vcxproj", "{D0B1D10D-D099-4B93-AB42-852E9C473816}"
EndProject
Global
	GlobalSection(SolutionConfigurationPlatforms) = preSolution
		Debug|Win32 = Debug|Win32
		Release|Win32 = Release|Win32
	EndGlobalSection
	GlobalSection(ProjectConfigurationPlatforms) = postSolution
		{D0B1D10D-D099-4B93-AB42-852E9C473816}.Debug|Win32.ActiveCfg = Debug|Win32
		{D0B1D10D-D099-4B93-AB42-852E9C473816}.Debug|Win32.Build.0 = Debug|Win32
		{D0B1D10D-D099-4B93-AB42-852E9C473816}.Release|Win32.ActiveCfg = Release|Win32
		{D0B1D10D-D099-4B93-AB42-852E9C473816}.Release|Win32.Build.0 = Release|Win32
	EndGlobalSection
	GlobalSection(SolutionProperties) = preSolution
		HideSolutionNode = FALSE
	EndGlobalSection
EndGlobal
